
Microsoft Visual Studio Solution File, Format Version 12.00
# Visual Studio Version 17
VisualStudioVersion = 17.11.35327.3
MinimumVisualStudioVersion = 10.0.40219.1
Project("{FAE04EC0-301F-11D3-BF4B-00C04F79EFBC}") = "DotNet", "DotNet\DotNet.csproj", "{715C2EE6-0874-4776-AD00-66AD95B4F76E}"
EndProject
Global
	GlobalSection(SolutionConfigurationPlatforms) = preSolution
		Debug|Any CPU = Debug|Any CPU
		Release|Any CPU = Release|Any CPU
	EndGlobalSection
	GlobalSection(ProjectConfigurationPlatforms) = postSolution
		{715C2EE6-0874-4776-AD00-66AD95B4F76E}.Debug|Any CPU.ActiveCfg = Debug|Any CPU
		{715C2EE6-0874-4776-AD00-66AD95B4F76E}.Debug|Any CPU.Build.0 = Debug|Any CPU
		{715C2EE6-0874-4776-AD00-66AD95B4F76E}.Release|Any CPU.ActiveCfg = Release|Any CPU
		{715C2EE6-0874-4776-AD00-66AD95B4F76E}.Release|Any CPU.Build.0 = Release|Any CPU
	EndGlobalSection
	GlobalSection(SolutionProperties) = preSolution
		HideSolutionNode = FALSE
	EndGlobalSection
	GlobalSection(ExtensibilityGlobals) = postSolution
		SolutionGuid = {58A62B6B-51D9-4D61-AFEE-3340E9C72F9A}
	EndGlobalSection
EndGlobal
